
Microsoft Visual Studio Solution File, Format Version 12.00
# Visual Studio Version 16
VisualStudioVersion = 16.0.30204.135
MinimumVisualStudioVersion = 10.0.40219.1
Project("{9A19103F-16F7-4668-BE54-9A1E7A4F7556}") = "forkgg", "forkgg.csproj", "{CE89CF7E-EBCB-424C-AF43-AE8E3DDCAB97}"
EndProject
Global
	GlobalSection(SolutionConfigurationPlatforms) = preSolution
		Debug|Any CPU = Debug|Any CPU
		Release|Any CPU = Release|Any CPU
	EndGlobalSection
	GlobalSection(ProjectConfigurationPlatforms) = postSolution
		{CE89CF7E-EBCB-424C-AF43-AE8E3DDCAB97}.Debug|Any CPU.ActiveCfg = Debug|Any CPU
		{CE89CF7E-EBCB-424C-AF43-AE8E3DDCAB97}.Debug|Any CPU.Build.0 = Debug|Any CPU
		{CE89CF7E-EBCB-424C-AF43-AE8E3DDCAB97}.Release|Any CPU.ActiveCfg = Release|Any CPU
		{CE89CF7E-EBCB-424C-AF43-AE8E3DDCAB97}.Release|Any CPU.Build.0 = Release|Any CPU
	EndGlobalSection
	GlobalSection(SolutionProperties) = preSolution
		HideSolutionNode = FALSE
	EndGlobalSection
	GlobalSection(ExtensibilityGlobals) = postSolution
		SolutionGuid = {99126A98-5E7F-4C8F-8306-861E408F5C1F}
	EndGlobalSection
EndGlobal
